
Microsoft Visual Studio Solution File, Format Version 12.00
# Visual Studio Version 17
VisualStudioVersion = 17.4.33205.214
MinimumVisualStudioVersion = 10.0.40219.1
Project("{9A19103F-16F7-4668-BE54-9A1E7A4F7556}") = "SpiralCompiler", "SpiralCompiler\SpiralCompiler.csproj", "{FC3109E5-208A-4480-8EF2-D3F3692651F7}"
EndProject
Project("{9A19103F-16F7-4668-BE54-9A1E7A4F7556}") = "SpiralTests", "SpiralTests\SpiralTests.csproj", "{3FAFCA13-7666-4087-84CB-5F9326A76F91}"
EndProject
Project("{9A19103F-16F7-4668-BE54-9A1E7A4F7556}") = "Draco.JsonRpc", "external\Draco.JsonRpc\Draco.JsonRpc.csproj", "{9A847840-E493-47D4-BC58-F1CB4FC89D06}"
EndProject
Project("{9A19103F-16F7-4668-BE54-9A1E7A4F7556}") = "Draco.Lsp", "external\Draco.Lsp\Draco.Lsp.csproj", "{34CFFB19-972F-404A-BA0F-EFF7939AC5D2}"
EndProject
Global
	GlobalSection(SolutionConfigurationPlatforms) = preSolution
		Debug|Any CPU = Debug|Any CPU
		Release|Any CPU = Release|Any CPU
	EndGlobalSection
	GlobalSection(ProjectConfigurationPlatforms) = postSolution
		{FC3109E5-208A-4480-8EF2-D3F3692651F7}.Debug|Any CPU.ActiveCfg = Debug|Any CPU
		{FC3109E5-208A-4480-8EF2-D3F3692651F7}.Debug|Any CPU.Build.0 = Debug|Any CPU
		{FC3109E5-208A-4480-8EF2-D3F3692651F7}.Release|Any CPU.ActiveCfg = Release|Any CPU
		{FC3109E5-208A-4480-8EF2-D3F3692651F7}.Release|Any CPU.Build.0 = Release|Any CPU
		{3FAFCA13-7666-4087-84CB-5F9326A76F91}.Debug|Any CPU.ActiveCfg = Debug|Any CPU
		{3FAFCA13-7666-4087-84CB-5F9326A76F91}.Debug|Any CPU.Build.0 = Debug|Any CPU
		{3FAFCA13-7666-4087-84CB-5F9326A76F91}.Release|Any CPU.ActiveCfg = Release|Any CPU
		{3FAFCA13-7666-4087-84CB-5F9326A76F91}.Release|Any CPU.Build.0 = Release|Any CPU
		{9A847840-E493-47D4-BC58-F1CB4FC89D06}.Debug|Any CPU.ActiveCfg = Debug|Any CPU
		{9A847840-E493-47D4-BC58-F1CB4FC89D06}.Debug|Any CPU.Build.0 = Debug|Any CPU
		{9A847840-E493-47D4-BC58-F1CB4FC89D06}.Release|Any CPU.ActiveCfg = Release|Any CPU
		{9A847840-E493-47D4-BC58-F1CB4FC89D06}.Release|Any CPU.Build.0 = Release|Any CPU
		{34CFFB19-972F-404A-BA0F-EFF7939AC5D2}.Debug|Any CPU.ActiveCfg = Debug|Any CPU
		{34CFFB19-972F-404A-BA0F-EFF7939AC5D2}.Debug|Any CPU.Build.0 = Debug|Any CPU
		{34CFFB19-972F-404A-BA0F-EFF7939AC5D2}.Release|Any CPU.ActiveCfg = Release|Any CPU
		{34CFFB19-972F-404A-BA0F-EFF7939AC5D2}.Release|Any CPU.Build.0 = Release|Any CPU
	EndGlobalSection
	GlobalSection(SolutionProperties) = preSolution
		HideSolutionNode = FALSE
	EndGlobalSection
	GlobalSection(ExtensibilityGlobals) = postSolution
		SolutionGuid = {AA2A0EEC-D1D4-418F-98A0-557A926F909F}
	EndGlobalSection
EndGlobal
